
Microsoft Visual Studio Solution File, Format Version 12.00
# Visual Studio Version 17
VisualStudioVersion = 17.10.35122.118
MinimumVisualStudioVersion = 10.0.40219.1
Project("{FAE04EC0-301F-11D3-BF4B-00C04F79EFBC}") = "WebWithEmptyProject", "WebWithEmptyProject\WebWithEmptyProject.csproj", "{DD905D0B-94A1-46D5-8331-09318D9D7CC1}"
EndProject
Global
	GlobalSection(SolutionConfigurationPlatforms) = preSolution
		Debug|Any CPU = Debug|Any CPU
		Release|Any CPU = Release|Any CPU
	EndGlobalSection
	GlobalSection(ProjectConfigurationPlatforms) = postSolution
		{DD905D0B-94A1-46D5-8331-09318D9D7CC1}.Debug|Any CPU.ActiveCfg = Debug|Any CPU
		{DD905D0B-94A1-46D5-8331-09318D9D7CC1}.Debug|Any CPU.Build.0 = Debug|Any CPU
		{DD905D0B-94A1-46D5-8331-09318D9D7CC1}.Release|Any CPU.ActiveCfg = Release|Any CPU
		{DD905D0B-94A1-46D5-8331-09318D9D7CC1}.Release|Any CPU.Build.0 = Release|Any CPU
	EndGlobalSection
	GlobalSection(SolutionProperties) = preSolution
		HideSolutionNode = FALSE
	EndGlobalSection
	GlobalSection(ExtensibilityGlobals) = postSolution
		SolutionGuid = {B0CA59B3-CAB9-45DD-A0AA-DB6501284469}
	EndGlobalSection
EndGlobal
