
Microsoft Visual Studio Solution File, Format Version 12.00
# Visual Studio Version 17
VisualStudioVersion = 17.10.35122.118
MinimumVisualStudioVersion = 10.0.40219.1
Project("{FAE04EC0-301F-11D3-BF4B-00C04F79EFBC}") = "WebCoreApplication", "WebCoreApplication\WebCoreApplication.csproj", "{74AE3A2A-1952-4FB0-A0E8-2B8847B63A77}"
EndProject
Global
	GlobalSection(SolutionConfigurationPlatforms) = preSolution
		Debug|Any CPU = Debug|Any CPU
		Release|Any CPU = Release|Any CPU
	EndGlobalSection
	GlobalSection(ProjectConfigurationPlatforms) = postSolution
		{74AE3A2A-1952-4FB0-A0E8-2B8847B63A77}.Debug|Any CPU.ActiveCfg = Debug|Any CPU
		{74AE3A2A-1952-4FB0-A0E8-2B8847B63A77}.Debug|Any CPU.Build.0 = Debug|Any CPU
		{74AE3A2A-1952-4FB0-A0E8-2B8847B63A77}.Release|Any CPU.ActiveCfg = Release|Any CPU
		{74AE3A2A-1952-4FB0-A0E8-2B8847B63A77}.Release|Any CPU.Build.0 = Release|Any CPU
	EndGlobalSection
	GlobalSection(SolutionProperties) = preSolution
		HideSolutionNode = FALSE
	EndGlobalSection
	GlobalSection(ExtensibilityGlobals) = postSolution
		SolutionGuid = {E378DE46-69A8-4B10-A26B-3B7EE0885EB9}
	EndGlobalSection
EndGlobal
